
Microsoft Visual Studio Solution File, Format Version 12.00
# Visual Studio Version 17
VisualStudioVersion = 17.8.34316.72
MinimumVisualStudioVersion = 10.0.40219.1
Project("{FAE04EC0-301F-11D3-BF4B-00C04F79EFBC}") = "MVVMLearning", "MVVMLearning.csproj", "{141D4992-3FE7-4022-8576-8EC06DE503FB}"
EndProject
Global
	GlobalSection(SolutionConfigurationPlatforms) = preSolution
		Debug|Any CPU = Debug|Any CPU
		Release|Any CPU = Release|Any CPU
	EndGlobalSection
	GlobalSection(ProjectConfigurationPlatforms) = postSolution
		{141D4992-3FE7-4022-8576-8EC06DE503FB}.Debug|Any CPU.ActiveCfg = Debug|Any CPU
		{141D4992-3FE7-4022-8576-8EC06DE503FB}.Debug|Any CPU.Build.0 = Debug|Any CPU
		{141D4992-3FE7-4022-8576-8EC06DE503FB}.Release|Any CPU.ActiveCfg = Release|Any CPU
		{141D4992-3FE7-4022-8576-8EC06DE503FB}.Release|Any CPU.Build.0 = Release|Any CPU
	EndGlobalSection
	GlobalSection(SolutionProperties) = preSolution
		HideSolutionNode = FALSE
	EndGlobalSection
	GlobalSection(ExtensibilityGlobals) = postSolution
		SolutionGuid = {52B77049-0307-40AD-8571-1FE86BEAE145}
	EndGlobalSection
EndGlobal
